
Microsoft Visual Studio Solution File, Format Version 12.00
# Visual Studio 15
VisualStudioVersion = 15.0.28307.489
MinimumVisualStudioVersion = 10.0.40219.1
Project("{FAE04EC0-301F-11D3-BF4B-00C04F79EFBC}") = "TrashCollectorProject", "TrashCollectorProject\TrashCollectorProject.csproj", "{4725F6F9-47A6-43E0-BB0E-7D3F9E00B727}"
EndProject
Global
	GlobalSection(SolutionConfigurationPlatforms) = preSolution
		Debug|Any CPU = Debug|Any CPU
		Release|Any CPU = Release|Any CPU
	EndGlobalSection
	GlobalSection(ProjectConfigurationPlatforms) = postSolution
		{4725F6F9-47A6-43E0-BB0E-7D3F9E00B727}.Debug|Any CPU.ActiveCfg = Debug|Any CPU
		{4725F6F9-47A6-43E0-BB0E-7D3F9E00B727}.Debug|Any CPU.Build.0 = Debug|Any CPU
		{4725F6F9-47A6-43E0-BB0E-7D3F9E00B727}.Release|Any CPU.ActiveCfg = Release|Any CPU
		{4725F6F9-47A6-43E0-BB0E-7D3F9E00B727}.Release|Any CPU.Build.0 = Release|Any CPU
	EndGlobalSection
	GlobalSection(SolutionProperties) = preSolution
		HideSolutionNode = FALSE
	EndGlobalSection
	GlobalSection(ExtensibilityGlobals) = postSolution
		SolutionGuid = {BD1B7E33-1BAC-406F-86FC-89D09DFFAFF9}
	EndGlobalSection
EndGlobal
